// !$*UTF8*$!
{
	archiveVersion = 1;
	classes = {
	};
	objectVersion = 48;
	objects = {

/* Begin PBXBuildFile section */
		5B420A951F925F41008D46BA /* AppDelegate.swift in Sources */ = {isa = PBXBuildFile; fileRef = 5B420A941F925F41008D46BA /* AppDelegate.swift */; };
		5B420A971F925F41008D46BA /* ViewController.swift in Sources */ = {isa = PBXBuildFile; fileRef = 5B420A961F925F41008D46BA /* ViewController.swift */; };
		5B420A9A1F925F41008D46BA /* Main.storyboard in Resources */ = {isa = PBXBuildFile; fileRef = 5B420A981F925F41008D46BA /* Main.storyboard */; };
		5B420A9C1F925F41008D46BA /* Assets.xcassets in Resources */ = {isa = PBXBuildFile; fileRef = 5B420A9B1F925F41008D46BA /* Assets.xcassets */; };
		5B420A9F1F925F41008D46BA /* LaunchScreen.storyboard in Resources */ = {isa = PBXBuildFile; fileRef = 5B420A9D1F925F41008D46BA /* LaunchScreen.storyboard */; };
		5B420AA71F926140008D46BA /* MemeStruct.swift in Sources */ = {isa = PBXBuildFile; fileRef = 5B420AA61F926140008D46BA /* MemeStruct.swift */; };
		5B7E47EC1F98D6F20011A37E /* MemeTableViewController.swift in Sources */ = {isa = PBXBuildFile; fileRef = 5B7E47EB1F98D6F20011A37E /* MemeTableViewController.swift */; };
		5B7E47EE1F98D7130011A37E /* MemeCollectionViewController.swift in Sources */ = {isa = PBXBuildFile; fileRef = 5B7E47ED1F98D7130011A37E /* MemeCollectionViewController.swift */; };
		5B7E47F01F98DB760011A37E /* MemeCollectionViewCell.swift in Sources */ = {isa = PBXBuildFile; fileRef = 5B7E47EF1F98DB760011A37E /* MemeCollectionViewCell.swift */; };
		5B7E47F21F98DB930011A37E /* MemeTableViewCell.swift in Sources */ = {isa = PBXBuildFile; fileRef = 5B7E47F11F98DB930011A37E /* MemeTableViewCell.swift */; };
		5B847AA71F9CF638005E12C5 /* DetailViewController.swift in Sources */ = {isa = PBXBuildFile; fileRef = 5B847AA61F9CF638005E12C5 /* DetailViewController.swift */; };
/* End PBXBuildFile section */

/* Begin PBXFileReference section */
		5B420A911F925F41008D46BA /* MemeMe 2.0.app */ = {isa = PBXFileReference; explicitFileType = wrapper.application; includeInIndex = 0; path = "MemeMe 2.0.app"; sourceTree = BUILT_PRODUCTS_DIR; };
		5B420A941F925F41008D46BA /* AppDelegate.swift */ = {isa = PBXFileReference; lastKnownFileType = sourcecode.swift; path = AppDelegate.swift; sourceTree = "<group>"; };
		5B420A961F925F41008D46BA /* ViewController.swift */ = {isa = PBXFileReference; lastKnownFileType = sourcecode.swift; path = ViewController.swift; sourceTree = "<group>"; };
		5B420A991F925F41008D46BA /* Base */ = {isa = PBXFileReference; lastKnownFileType = file.storyboard; name = Base; path = Base.lproj/Main.storyboard; sourceTree = "<group>"; };
		5B420A9B1F925F41008D46BA /* Assets.xcassets */ = {isa = PBXFileReference; lastKnownFileType = folder.assetcatalog; path = Assets.xcassets; sourceTree = "<group>"; };
		5B420A9E1F925F41008D46BA /* Base */ = {isa = PBXFileReference; lastKnownFileType = file.storyboard; name = Base; path = Base.lproj/LaunchScreen.storyboard; sourceTree = "<group>"; };
		5B420AA01F925F41008D46BA /* Info.plist */ = {isa = PBXFileReference; lastKnownFileType = text.plist.xml; path = Info.plist; sourceTree = "<group>"; };
		5B420AA61F926140008D46BA /* MemeStruct.swift */ = {isa = PBXFileReference; lastKnownFileType = sourcecode.swift; path = MemeStruct.swift; sourceTree = "<group>"; };
		5B7E47EB1F98D6F20011A37E /* MemeTableViewController.swift */ = {isa = PBXFileReference; lastKnownFileType = sourcecode.swift; path = MemeTableViewController.swift; sourceTree = "<group>"; };
		5B7E47ED1F98D7130011A37E /* MemeCollectionViewController.swift */ = {isa = PBXFileReference; lastKnownFileType = sourcecode.swift; path = MemeCollectionViewController.swift; sourceTree = "<group>"; };
		5B7E47EF1F98DB760011A37E /* MemeCollectionViewCell.swift */ = {isa = PBXFileReference; lastKnownFileType = sourcecode.swift; path = MemeCollectionViewCell.swift; sourceTree = "<group>"; };
		5B7E47F11F98DB930011A37E /* MemeTableViewCell.swift */ = {isa = PBXFileReference; lastKnownFileType = sourcecode.swift; path = MemeTableViewCell.swift; sourceTree = "<group>"; };
		5B847AA61F9CF638005E12C5 /* DetailViewController.swift */ = {isa = PBXFileReference; lastKnownFileType = sourcecode.swift; path = DetailViewController.swift; sourceTree = "<group>"; };
/* End PBXFileReference section */

/* Begin PBXFrameworksBuildPhase section */
		5B420A8E1F925F41008D46BA /* Frameworks */ = {
			isa = PBXFrameworksBuildPhase;
			buildActionMask = 2147483647;
			files = (
			);
			runOnlyForDeploymentPostprocessing = 0;
		};
/* End PBXFrameworksBuildPhase section */

/* Begin PBXGroup section */
		5B420A881F925F41008D46BA = {
			isa = PBXGroup;
			children = (
				5B420A931F925F41008D46BA /* MemeMe 2.0 */,
				5B420A921F925F41008D46BA /* Products */,
			);
			sourceTree = "<group>";
		};
		5B420A921F925F41008D46BA /* Products */ = {
			isa = PBXGroup;
			children = (
				5B420A911F925F41008D46BA /* MemeMe 2.0.app */,
			);
			name = Products;
			sourceTree = "<group>";
		};
		5B420A931F925F41008D46BA /* MemeMe 2.0 */ = {
			isa = PBXGroup;
			children = (
				5B420A941F925F41008D46BA /* AppDelegate.swift */,
				5B420A961F925F41008D46BA /* ViewController.swift */,
				5B420A981F925F41008D46BA /* Main.storyboard */,
				5B420A9B1F925F41008D46BA /* Assets.xcassets */,
				5B420A9D1F925F41008D46BA /* LaunchScreen.storyboard */,
				5B420AA01F925F41008D46BA /* Info.plist */,
				5B420AA61F926140008D46BA /* MemeStruct.swift */,
				5B7E47EB1F98D6F20011A37E /* MemeTableViewController.swift */,
				5B7E47ED1F98D7130011A37E /* MemeCollectionViewController.swift */,
				5B7E47EF1F98DB760011A37E /* MemeCollectionViewCell.swift */,
				5B7E47F11F98DB930011A37E /* MemeTableViewCell.swift */,
				5B847AA61F9CF638005E12C5 /* DetailViewController.swift */,
			);
			path = "MemeMe 2.0";
			sourceTree = "<group>";
		};
/* End PBXGroup section */

/* Begin PBXNativeTarget section */
		5B420A901F925F41008D46BA /* MemeMe 2.0 */ = {
			isa = PBXNativeTarget;
			buildConfigurationList = 5B420AA31F925F41008D46BA /* Build configuration list for PBXNativeTarget "MemeMe 2.0" */;
			buildPhases = (
				5B420A8D1F925F41008D46BA /* Sources */,
				5B420A8E1F925F41008D46BA /* Frameworks */,
				5B420A8F1F925F41008D46BA /* Resources */,
			);
			buildRules = (
			);
			dependencies = (
			);
			name = "MemeMe 2.0";
			productName = "MemeMe 2.0";
			productReference = 5B420A911F925F41008D46BA /* MemeMe 2.0.app */;
			productType = "com.apple.product-type.application";
		};
/* End PBXNativeTarget section */

/* Begin PBXProject section */
		5B420A891F925F41008D46BA /* Project object */ = {
			isa = PBXProject;
			attributes = {
				LastSwiftUpdateCheck = 0900;
				LastUpgradeCheck = 0900;
				ORGANIZATIONNAME = "Vijaya Madhavi";
				TargetAttributes = {
					5B420A901F925F41008D46BA = {
						CreatedOnToolsVersion = 9.0;
						ProvisioningStyle = Automatic;
					};
				};
			};
			buildConfigurationList = 5B420A8C1F925F41008D46BA /* Build configuration list for PBXProject "MemeMe 2.0" */;
			compatibilityVersion = "Xcode 8.0";
			developmentRegion = en;
			hasScannedForEncodings = 0;
			knownRegions = (
				en,
				Base,
			);
			mainGroup = 5B420A881F925F41008D46BA;
			productRefGroup = 5B420A921F925F41008D46BA /* Products */;
			projectDirPath = "";
			projectRoot = "";
			targets = (
				5B420A901F925F41008D46BA /* MemeMe 2.0 */,
			);
		};
/* End PBXProject section */

/* Begin PBXResourcesBuildPhase section */
		5B420A8F1F925F41008D46BA /* Resources */ = {
			isa = PBXResourcesBuildPhase;
			buildActionMask = 2147483647;
			files = (
				5B420A9F1F925F41008D46BA /* LaunchScreen.storyboard in Resources */,
				5B420A9C1F925F41008D46BA /* Assets.xcassets in Resources */,
				5B420A9A1F925F41008D46BA /* Main.storyboard in Resources */,
			);
			runOnlyForDeploymentPostprocessing = 0;
		};
/* End PBXResourcesBuildPhase section */

/* Begin PBXSourcesBuildPhase section */
		5B420A8D1F925F41008D46BA /* Sources */ = {
			isa = PBXSourcesBuildPhase;
			buildActionMask = 2147483647;
			files = (
				5B7E47F01F98DB760011A37E /* MemeCollectionViewCell.swift in Sources */,
				5B420A971F925F41008D46BA /* ViewController.swift in Sources */,
				5B420AA71F926140008D46BA /* MemeStruct.swift in Sources */,
				5B7E47EE1F98D7130011A37E /* MemeCollectionViewController.swift in Sources */,
				5B7E47F21F98DB930011A37E /* MemeTableViewCell.swift in Sources */,
				5B420A951F925F41008D46BA /* AppDelegate.swift in Sources */,
				5B7E47EC1F98D6F20011A37E /* MemeTableViewController.swift in Sources */,
				5B847AA71F9CF638005E12C5 /* DetailViewController.swift in Sources */,
			);
			runOnlyForDeploymentPostprocessing = 0;
		};
/* End PBXSourcesBuildPhase section */

/* Begin PBXVariantGroup section */
		5B420A981F925F41008D46BA /* Main.storyboard */ = {
			isa = PBXVariantGroup;
			children = (
				5B420A991F925F41008D46BA /* Base */,
			);
			name = Main.storyboard;
			sourceTree = "<group>";
		};
		5B420A9D1F925F41008D46BA /* LaunchScreen.storyboard */ = {
			isa = PBXVariantGroup;
			children = (
				5B420A9E1F925F41008D46BA /* Base */,
			);
			name = LaunchScreen.storyboard;
			sourceTree = "<group>";
		};
/* End PBXVariantGroup section */

/* Begin XCBuildConfiguration section */
		5B420AA11F925F41008D46BA /* Debug */ = {
			isa = XCBuildConfiguration;
			buildSettings = {
				ALWAYS_SEARCH_USER_PATHS = NO;
				CLANG_ANALYZER_NONNULL = YES;
				CLANG_ANALYZER_NUMBER_OBJECT_CONVERSION = YES_AGGRESSIVE;
				CLANG_CXX_LANGUAGE_STANDARD = "gnu++14";
				CLANG_CXX_LIBRARY = "libc++";
				CLANG_ENABLE_MODULES = YES;
				CLANG_ENABLE_OBJC_ARC = YES;
				CLANG_WARN_BLOCK_CAPTURE_AUTORELEASING = YES;
				CLANG_WARN_BOOL_CONVERSION = YES;
				CLANG_WARN_COMMA = YES;
				CLANG_WARN_CONSTANT_CONVERSION = YES;
				CLANG_WARN_DIRECT_OBJC_ISA_USAGE = YES_ERROR;
				CLANG_WARN_DOCUMENTATION_COMMENTS = YES;
				CLANG_WARN_EMPTY_BODY = YES;
				CLANG_WARN_ENUM_CONVERSION = YES;
				CLANG_WARN_INFINITE_RECURSION = YES;
				CLANG_WARN_INT_CONVERSION = YES;
				CLANG_WARN_NON_LITERAL_NULL_CONVERSION = YES;
				CLANG_WARN_OBJC_LITERAL_CONVERSION = YES;
				CLANG_WARN_OBJC_ROOT_CLASS = YES_ERROR;
				CLANG_WARN_RANGE_LOOP_ANALYSIS = YES;
				CLANG_WARN_STRICT_PROTOTYPES = YES;
				CLANG_WARN_SUSPICIOUS_MOVE = YES;
				CLANG_WARN_UNGUARDED_AVAILABILITY = YES_AGGRESSIVE;
				CLANG_WARN_UNREACHABLE_CODE = YES;
				CLANG_WARN__DUPLICATE_METHOD_MATCH = YES;
				CODE_SIGN_IDENTITY = "iPhone Developer";
				COPY_PHASE_STRIP = NO;
				DEBUG_INFORMATION_FORMAT = dwarf;
				ENABLE_STRICT_OBJC_MSGSEND = YES;
				ENABLE_TESTABILITY = YES;
				GCC_C_LANGUAGE_STANDARD = gnu11;
				GCC_DYNAMIC_NO_PIC = NO;
				GCC_NO_COMMON_BLOCKS = YES;
				GCC_OPTIMIZATION_LEVEL = 0;
				GCC_PREPROCESSOR_DEFINITIONS = (
					"DEBUG=1",
					"$(inherited)",
				);
				GCC_WARN_64_TO_32_BIT_CONVERSION = YES;
				GCC_WARN_ABOUT_RETURN_TYPE = YES_ERROR;
				GCC_WARN_UNDECLARED_SELECTOR = YES;
				GCC_WARN_UNINITIALIZED_AUTOS = YES_AGGRESSIVE;
				GCC_WARN_UNUSED_FUNCTION = YES;
				GCC_WARN_UNUSED_VARIABLE = YES;
				IPHONEOS_DEPLOYMENT_TARGET = 11.0;
				MTL_ENABLE_DEBUG_INFO = YES;
				ONLY_ACTIVE_ARCH = YES;
				SDKROOT = iphoneos;
				SWIFT_ACTIVE_COMPILATION_CONDITIONS = DEBUG;
				SWIFT_OPTIMIZATION_LEVEL = "-Onone";
			};
			name = Debug;
		};
		5B420AA21F925F41008D46BA /* Release */ = {
			isa = XCBuildConfiguration;
			buildSettings = {
				ALWAYS_SEARCH_USER_PATHS = NO;
				CLANG_ANALYZER_NONNULL = YES;
				CLANG_ANALYZER_NUMBER_OBJECT_CONVERSION = YES_AGGRESSIVE;
				CLANG_CXX_LANGUAGE_STANDARD = "gnu++14";
				CLANG_CXX_LIBRARY = "libc++";
				CLANG_ENABLE_MODULES = YES;
				CLANG_ENABLE_OBJC_ARC = YES;
				CLANG_WARN_BLOCK_CAPTURE_AUTORELEASING = YES;
				CLANG_WARN_BOOL_CONVERSION = YES;
				CLANG_WARN_COMMA = YES;
				CLANG_WARN_CONSTANT_CONVERSION = YES;
				CLANG_WARN_DIRECT_OBJC_ISA_USAGE = YES_ERROR;
				CLANG_WARN_DOCUMENTATION_COMMENTS = YES;
				CLANG_WARN_EMPTY_BODY = YES;
				CLANG_WARN_ENUM_CONVERSION = YES;
				CLANG_WARN_INFINITE_RECURSION = YES;
				CLANG_WARN_INT_CONVERSION = YES;
				CLANG_WARN_NON_LITERAL_NULL_CONVERSION = YES;
				CLANG_WARN_OBJC_LITERAL_CONVERSION = YES;
				CLANG_WARN_OBJC_ROOT_CLASS = YES_ERROR;
				CLANG_WARN_RANGE_LOOP_ANALYSIS = YES;
				CLANG_WARN_STRICT_PROTOTYPES = YES;
				CLANG_WARN_SUSPICIOUS_MOVE = YES;
				CLANG_WARN_UNGUARDED_AVAILABILITY = YES_AGGRESSIVE;
				CLANG_WARN_UNREACHABLE_CODE = YES;
				CLANG_WARN__DUPLICATE_METHOD_MATCH = YES;
				CODE_SIGN_IDENTITY = "iPhone Developer";
				COPY_PHASE_STRIP = NO;
				DEBUG_INFORMATION_FORMAT = "dwarf-with-dsym";
				ENABLE_NS_ASSERTIONS = NO;
				ENABLE_STRICT_OBJC_MSGSEND = YES;
				GCC_C_LANGUAGE_STANDARD = gnu11;
				GCC_NO_COMMON_BLOCKS = YES;
				GCC_WARN_64_TO_32_BIT_CONVERSION = YES;
				GCC_WARN_ABOUT_RETURN_TYPE = YES_ERROR;
				GCC_WARN_UNDECLARED_SELECTOR = YES;
				GCC_WARN_UNINITIALIZED_AUTOS = YES_AGGRESSIVE;
				GCC_WARN_UNUSED_FUNCTION = YES;
				GCC_WARN_UNUSED_VARIABLE = YES;
				IPHONEOS_DEPLOYMENT_TARGET = 11.0;
				MTL_ENABLE_DEBUG_INFO = NO;
				SDKROOT = iphoneos;
				SWIFT_OPTIMIZATION_LEVEL = "-Owholemodule";
				VALIDATE_PRODUCT = YES;
			};
			name = Release;
		};
		5B420AA41F925F41008D46BA /* Debug */ = {
			isa = XCBuildConfiguration;
			buildSettings = {
				ASSETCATALOG_COMPILER_APPICON_NAME = AppIcon;
				CODE_SIGN_STYLE = Automatic;
				INFOPLIST_FILE = "MemeMe 2.0/Info.plist";
				LD_RUNPATH_SEARCH_PATHS = "$(inherited) @executable_path/Frameworks";
				PRODUCT_BUNDLE_IDENTIFIER = "MS.MemeMe-2-0";
				PRODUCT_NAME = "$(TARGET_NAME)";
				SWIFT_VERSION = 4.0;
				TARGETED_DEVICE_FAMILY = "1,2";
			};
			name = Debug;
		};
		5B420AA51F925F41008D46BA /* Release */ = {
			isa = XCBuildConfiguration;
			buildSettings = {
				ASSETCATALOG_COMPILER_APPICON_NAME = AppIcon;
				CODE_SIGN_STYLE = Automatic;
				INFOPLIST_FILE = "MemeMe 2.0/Info.plist";
				LD_RUNPATH_SEARCH_PATHS = "$(inherited) @executable_path/Frameworks";
				PRODUCT_BUNDLE_IDENTIFIER = "MS.MemeMe-2-0";
				PRODUCT_NAME = "$(TARGET_NAME)";
				SWIFT_VERSION = 4.0;
				TARGETED_DEVICE_FAMILY = "1,2";
			};
			name = Release;
		};
/* End XCBuildConfiguration section */

/* Begin XCConfigurationList section */
		5B420A8C1F925F41008D46BA /* Build configuration list for PBXProject "MemeMe 2.0" */ = {
			isa = XCConfigurationList;
			buildConfigurations = (
				5B420AA11F925F41008D46BA /* Debug */,
				5B420AA21F925F41008D46BA /* Release */,
			);
			defaultConfigurationIsVisible = 0;
			defaultConfigurationName = Release;
		};
		5B420AA31F925F41008D46BA /* Build configuration list for PBXNativeTarget "MemeMe 2.0" */ = {
			isa = XCConfigurationList;
			buildConfigurations = (
				5B420AA41F925F41008D46BA /* Debug */,
				5B420AA51F925F41008D46BA /* Release */,
			);
			defaultConfigurationIsVisible = 0;
			defaultConfigurationName = Release;
		};
/* End XCConfigurationList section */
	};
	rootObject = 5B420A891F925F41008D46BA /* Project object */;
}
